
Microsoft Visual Studio Solution File, Format Version 12.00
# Visual Studio Version 17
VisualStudioVersion = 17.0.31717.71
MinimumVisualStudioVersion = 10.0.40219.1
Project("{FAE04EC0-301F-11D3-BF4B-00C04F79EFBC}") = "Spaceship.API", "Spaceship.API\Spaceship.API.csproj", "{4C48D355-3F5B-458F-BDD6-FF6AFD4512FA}"
EndProject
Global
	GlobalSection(SolutionConfigurationPlatforms) = preSolution
		Debug|Any CPU = Debug|Any CPU
		Release|Any CPU = Release|Any CPU
	EndGlobalSection
	GlobalSection(ProjectConfigurationPlatforms) = postSolution
		{4C48D355-3F5B-458F-BDD6-FF6AFD4512FA}.Debug|Any CPU.ActiveCfg = Debug|Any CPU
		{4C48D355-3F5B-458F-BDD6-FF6AFD4512FA}.Debug|Any CPU.Build.0 = Debug|Any CPU
		{4C48D355-3F5B-458F-BDD6-FF6AFD4512FA}.Release|Any CPU.ActiveCfg = Release|Any CPU
		{4C48D355-3F5B-458F-BDD6-FF6AFD4512FA}.Release|Any CPU.Build.0 = Release|Any CPU
	EndGlobalSection
	GlobalSection(SolutionProperties) = preSolution
		HideSolutionNode = FALSE
	EndGlobalSection
	GlobalSection(ExtensibilityGlobals) = postSolution
		SolutionGuid = {F1F521FB-680F-4F02-BE3C-16138070BE66}
	EndGlobalSection
EndGlobal
